// !$*UTF8*$!
{
	archiveVersion = 1;
	classes = {
	};
	objectVersion = 50;
	objects = {

/* Begin PBXBuildFile section */
		DCA5224021D136C90061A981 /* AppDelegate.swift in Sources */ = {isa = PBXBuildFile; fileRef = DCA5223F21D136C90061A981 /* AppDelegate.swift */; };
		DCA5224221D136C90061A981 /* ViewController.swift in Sources */ = {isa = PBXBuildFile; fileRef = DCA5224121D136C90061A981 /* ViewController.swift */; };
		DCA5224521D136C90061A981 /* Main.storyboard in Resources */ = {isa = PBXBuildFile; fileRef = DCA5224321D136C90061A981 /* Main.storyboard */; };
		DCA5224721D136CA0061A981 /* Assets.xcassets in Resources */ = {isa = PBXBuildFile; fileRef = DCA5224621D136CA0061A981 /* Assets.xcassets */; };
		DCA5224A21D136CA0061A981 /* LaunchScreen.storyboard in Resources */ = {isa = PBXBuildFile; fileRef = DCA5224821D136CA0061A981 /* LaunchScreen.storyboard */; };
		DCA5225521D136CB0061A981 /* UIImagePickerControllerTests.swift in Sources */ = {isa = PBXBuildFile; fileRef = DCA5225421D136CB0061A981 /* UIImagePickerControllerTests.swift */; };
		DCA5226021D136CB0061A981 /* UIImagePickerControllerUITests.swift in Sources */ = {isa = PBXBuildFile; fileRef = DCA5225F21D136CB0061A981 /* UIImagePickerControllerUITests.swift */; };
/* End PBXBuildFile section */

/* Begin PBXContainerItemProxy section */
		DCA5225121D136CB0061A981 /* PBXContainerItemProxy */ = {
			isa = PBXContainerItemProxy;
			containerPortal = DCA5223421D136C90061A981 /* Project object */;
			proxyType = 1;
			remoteGlobalIDString = DCA5223B21D136C90061A981;
			remoteInfo = UIImagePickerController;
		};
		DCA5225C21D136CB0061A981 /* PBXContainerItemProxy */ = {
			isa = PBXContainerItemProxy;
			containerPortal = DCA5223421D136C90061A981 /* Project object */;
			proxyType = 1;
			remoteGlobalIDString = DCA5223B21D136C90061A981;
			remoteInfo = UIImagePickerController;
		};
/* End PBXContainerItemProxy section */

/* Begin PBXFileReference section */
		DCA5223C21D136C90061A981 /* UIImagePickerController.app */ = {isa = PBXFileReference; explicitFileType = wrapper.application; includeInIndex = 0; path = UIImagePickerController.app; sourceTree = BUILT_PRODUCTS_DIR; };
		DCA5223F21D136C90061A981 /* AppDelegate.swift */ = {isa = PBXFileReference; lastKnownFileType = sourcecode.swift; path = AppDelegate.swift; sourceTree = "<group>"; };
		DCA5224121D136C90061A981 /* ViewController.swift */ = {isa = PBXFileReference; lastKnownFileType = sourcecode.swift; path = ViewController.swift; sourceTree = "<group>"; };
		DCA5224421D136C90061A981 /* Base */ = {isa = PBXFileReference; lastKnownFileType = file.storyboard; name = Base; path = Base.lproj/Main.storyboard; sourceTree = "<group>"; };
		DCA5224621D136CA0061A981 /* Assets.xcassets */ = {isa = PBXFileReference; lastKnownFileType = folder.assetcatalog; path = Assets.xcassets; sourceTree = "<group>"; };
		DCA5224921D136CA0061A981 /* Base */ = {isa = PBXFileReference; lastKnownFileType = file.storyboard; name = Base; path = Base.lproj/LaunchScreen.storyboard; sourceTree = "<group>"; };
		DCA5224B21D136CA0061A981 /* Info.plist */ = {isa = PBXFileReference; lastKnownFileType = text.plist.xml; path = Info.plist; sourceTree = "<group>"; };
		DCA5225021D136CB0061A981 /* UIImagePickerControllerTests.xctest */ = {isa = PBXFileReference; explicitFileType = wrapper.cfbundle; includeInIndex = 0; path = UIImagePickerControllerTests.xctest; sourceTree = BUILT_PRODUCTS_DIR; };
		DCA5225421D136CB0061A981 /* UIImagePickerControllerTests.swift */ = {isa = PBXFileReference; lastKnownFileType = sourcecode.swift; path = UIImagePickerControllerTests.swift; sourceTree = "<group>"; };
		DCA5225621D136CB0061A981 /* Info.plist */ = {isa = PBXFileReference; lastKnownFileType = text.plist.xml; path = Info.plist; sourceTree = "<group>"; };
		DCA5225B21D136CB0061A981 /* UIImagePickerControllerUITests.xctest */ = {isa = PBXFileReference; explicitFileType = wrapper.cfbundle; includeInIndex = 0; path = UIImagePickerControllerUITests.xctest; sourceTree = BUILT_PRODUCTS_DIR; };
		DCA5225F21D136CB0061A981 /* UIImagePickerControllerUITests.swift */ = {isa = PBXFileReference; lastKnownFileType = sourcecode.swift; path = UIImagePickerControllerUITests.swift; sourceTree = "<group>"; };
		DCA5226121D136CB0061A981 /* Info.plist */ = {isa = PBXFileReference; lastKnownFileType = text.plist.xml; path = Info.plist; sourceTree = "<group>"; };
/* End PBXFileReference section */

/* Begin PBXFrameworksBuildPhase section */
		DCA5223921D136C90061A981 /* Frameworks */ = {
			isa = PBXFrameworksBuildPhase;
			buildActionMask = 2147483647;
			files = (
			);
			runOnlyForDeploymentPostprocessing = 0;
		};
		DCA5224D21D136CB0061A981 /* Frameworks */ = {
			isa = PBXFrameworksBuildPhase;
			buildActionMask = 2147483647;
			files = (
			);
			runOnlyForDeploymentPostprocessing = 0;
		};
		DCA5225821D136CB0061A981 /* Frameworks */ = {
			isa = PBXFrameworksBuildPhase;
			buildActionMask = 2147483647;
			files = (
			);
			runOnlyForDeploymentPostprocessing = 0;
		};
/* End PBXFrameworksBuildPhase section */

/* Begin PBXGroup section */
		DCA5223321D136C90061A981 = {
			isa = PBXGroup;
			children = (
				DCA5223E21D136C90061A981 /* UIImagePickerController */,
				DCA5225321D136CB0061A981 /* UIImagePickerControllerTests */,
				DCA5225E21D136CB0061A981 /* UIImagePickerControllerUITests */,
				DCA5223D21D136C90061A981 /* Products */,
			);
			sourceTree = "<group>";
		};
		DCA5223D21D136C90061A981 /* Products */ = {
			isa = PBXGroup;
			children = (
				DCA5223C21D136C90061A981 /* UIImagePickerController.app */,
				DCA5225021D136CB0061A981 /* UIImagePickerControllerTests.xctest */,
				DCA5225B21D136CB0061A981 /* UIImagePickerControllerUITests.xctest */,
			);
			name = Products;
			sourceTree = "<group>";
		};
		DCA5223E21D136C90061A981 /* UIImagePickerController */ = {
			isa = PBXGroup;
			children = (
				DCA5223F21D136C90061A981 /* AppDelegate.swift */,
				DCA5224121D136C90061A981 /* ViewController.swift */,
				DCA5224321D136C90061A981 /* Main.storyboard */,
				DCA5224621D136CA0061A981 /* Assets.xcassets */,
				DCA5224821D136CA0061A981 /* LaunchScreen.storyboard */,
				DCA5224B21D136CA0061A981 /* Info.plist */,
			);
			path = UIImagePickerController;
			sourceTree = "<group>";
		};
		DCA5225321D136CB0061A981 /* UIImagePickerControllerTests */ = {
			isa = PBXGroup;
			children = (
				DCA5225421D136CB0061A981 /* UIImagePickerControllerTests.swift */,
				DCA5225621D136CB0061A981 /* Info.plist */,
			);
			path = UIImagePickerControllerTests;
			sourceTree = "<group>";
		};
		DCA5225E21D136CB0061A981 /* UIImagePickerControllerUITests */ = {
			isa = PBXGroup;
			children = (
				DCA5225F21D136CB0061A981 /* UIImagePickerControllerUITests.swift */,
				DCA5226121D136CB0061A981 /* Info.plist */,
			);
			path = UIImagePickerControllerUITests;
			sourceTree = "<group>";
		};
/* End PBXGroup section */

/* Begin PBXNativeTarget section */
		DCA5223B21D136C90061A981 /* UIImagePickerController */ = {
			isa = PBXNativeTarget;
			buildConfigurationList = DCA5226421D136CB0061A981 /* Build configuration list for PBXNativeTarget "UIImagePickerController" */;
			buildPhases = (
				DCA5223821D136C90061A981 /* Sources */,
				DCA5223921D136C90061A981 /* Frameworks */,
				DCA5223A21D136C90061A981 /* Resources */,
			);
			buildRules = (
			);
			dependencies = (
			);
			name = UIImagePickerController;
			productName = UIImagePickerController;
			productReference = DCA5223C21D136C90061A981 /* UIImagePickerController.app */;
			productType = "com.apple.product-type.application";
		};
		DCA5224F21D136CB0061A981 /* UIImagePickerControllerTests */ = {
			isa = PBXNativeTarget;
			buildConfigurationList = DCA5226721D136CB0061A981 /* Build configuration list for PBXNativeTarget "UIImagePickerControllerTests" */;
			buildPhases = (
				DCA5224C21D136CB0061A981 /* Sources */,
				DCA5224D21D136CB0061A981 /* Frameworks */,
				DCA5224E21D136CB0061A981 /* Resources */,
			);
			buildRules = (
			);
			dependencies = (
				DCA5225221D136CB0061A981 /* PBXTargetDependency */,
			);
			name = UIImagePickerControllerTests;
			productName = UIImagePickerControllerTests;
			productReference = DCA5225021D136CB0061A981 /* UIImagePickerControllerTests.xctest */;
			productType = "com.apple.product-type.bundle.unit-test";
		};
		DCA5225A21D136CB0061A981 /* UIImagePickerControllerUITests */ = {
			isa = PBXNativeTarget;
			buildConfigurationList = DCA5226A21D136CB0061A981 /* Build configuration list for PBXNativeTarget "UIImagePickerControllerUITests" */;
			buildPhases = (
				DCA5225721D136CB0061A981 /* Sources */,
				DCA5225821D136CB0061A981 /* Frameworks */,
				DCA5225921D136CB0061A981 /* Resources */,
			);
			buildRules = (
			);
			dependencies = (
				DCA5225D21D136CB0061A981 /* PBXTargetDependency */,
			);
			name = UIImagePickerControllerUITests;
			productName = UIImagePickerControllerUITests;
			productReference = DCA5225B21D136CB0061A981 /* UIImagePickerControllerUITests.xctest */;
			productType = "com.apple.product-type.bundle.ui-testing";
		};
/* End PBXNativeTarget section */

/* Begin PBXProject section */
		DCA5223421D136C90061A981 /* Project object */ = {
			isa = PBXProject;
			attributes = {
				LastSwiftUpdateCheck = 1010;
				LastUpgradeCheck = 1010;
				ORGANIZATIONNAME = "Akhila Chatharaju";
				TargetAttributes = {
					DCA5223B21D136C90061A981 = {
						CreatedOnToolsVersion = 10.1;
					};
					DCA5224F21D136CB0061A981 = {
						CreatedOnToolsVersion = 10.1;
						TestTargetID = DCA5223B21D136C90061A981;
					};
					DCA5225A21D136CB0061A981 = {
						CreatedOnToolsVersion = 10.1;
						TestTargetID = DCA5223B21D136C90061A981;
					};
				};
			};
			buildConfigurationList = DCA5223721D136C90061A981 /* Build configuration list for PBXProject "UIImagePickerController" */;
			compatibilityVersion = "Xcode 9.3";
			developmentRegion = en;
			hasScannedForEncodings = 0;
			knownRegions = (
				en,
				Base,
			);
			mainGroup = DCA5223321D136C90061A981;
			productRefGroup = DCA5223D21D136C90061A981 /* Products */;
			projectDirPath = "";
			projectRoot = "";
			targets = (
				DCA5223B21D136C90061A981 /* UIImagePickerController */,
				DCA5224F21D136CB0061A981 /* UIImagePickerControllerTests */,
				DCA5225A21D136CB0061A981 /* UIImagePickerControllerUITests */,
			);
		};
/* End PBXProject section */

/* Begin PBXResourcesBuildPhase section */
		DCA5223A21D136C90061A981 /* Resources */ = {
			isa = PBXResourcesBuildPhase;
			buildActionMask = 2147483647;
			files = (
				DCA5224A21D136CA0061A981 /* LaunchScreen.storyboard in Resources */,
				DCA5224721D136CA0061A981 /* Assets.xcassets in Resources */,
				DCA5224521D136C90061A981 /* Main.storyboard in Resources */,
			);
			runOnlyForDeploymentPostprocessing = 0;
		};
		DCA5224E21D136CB0061A981 /* Resources */ = {
			isa = PBXResourcesBuildPhase;
			buildActionMask = 2147483647;
			files = (
			);
			runOnlyForDeploymentPostprocessing = 0;
		};
		DCA5225921D136CB0061A981 /* Resources */ = {
			isa = PBXResourcesBuildPhase;
			buildActionMask = 2147483647;
			files = (
			);
			runOnlyForDeploymentPostprocessing = 0;
		};
/* End PBXResourcesBuildPhase section */

/* Begin PBXSourcesBuildPhase section */
		DCA5223821D136C90061A981 /* Sources */ = {
			isa = PBXSourcesBuildPhase;
			buildActionMask = 2147483647;
			files = (
				DCA5224221D136C90061A981 /* ViewController.swift in Sources */,
				DCA5224021D136C90061A981 /* AppDelegate.swift in Sources */,
			);
			runOnlyForDeploymentPostprocessing = 0;
		};
		DCA5224C21D136CB0061A981 /* Sources */ = {
			isa = PBXSourcesBuildPhase;
			buildActionMask = 2147483647;
			files = (
				DCA5225521D136CB0061A981 /* UIImagePickerControllerTests.swift in Sources */,
			);
			runOnlyForDeploymentPostprocessing = 0;
		};
		DCA5225721D136CB0061A981 /* Sources */ = {
			isa = PBXSourcesBuildPhase;
			buildActionMask = 2147483647;
			files = (
				DCA5226021D136CB0061A981 /* UIImagePickerControllerUITests.swift in Sources */,
			);
			runOnlyForDeploymentPostprocessing = 0;
		};
/* End PBXSourcesBuildPhase section */

/* Begin PBXTargetDependency section */
		DCA5225221D136CB0061A981 /* PBXTargetDependency */ = {
			isa = PBXTargetDependency;
			target = DCA5223B21D136C90061A981 /* UIImagePickerController */;
			targetProxy = DCA5225121D136CB0061A981 /* PBXContainerItemProxy */;
		};
		DCA5225D21D136CB0061A981 /* PBXTargetDependency */ = {
			isa = PBXTargetDependency;
			target = DCA5223B21D136C90061A981 /* UIImagePickerController */;
			targetProxy = DCA5225C21D136CB0061A981 /* PBXContainerItemProxy */;
		};
/* End PBXTargetDependency section */

/* Begin PBXVariantGroup section */
		DCA5224321D136C90061A981 /* Main.storyboard */ = {
			isa = PBXVariantGroup;
			children = (
				DCA5224421D136C90061A981 /* Base */,
			);
			name = Main.storyboard;
			sourceTree = "<group>";
		};
		DCA5224821D136CA0061A981 /* LaunchScreen.storyboard */ = {
			isa = PBXVariantGroup;
			children = (
				DCA5224921D136CA0061A981 /* Base */,
			);
			name = LaunchScreen.storyboard;
			sourceTree = "<group>";
		};
/* End PBXVariantGroup section */

/* Begin XCBuildConfiguration section */
		DCA5226221D136CB0061A981 /* Debug */ = {
			isa = XCBuildConfiguration;
			buildSettings = {
				ALWAYS_SEARCH_USER_PATHS = NO;
				CLANG_ANALYZER_NONNULL = YES;
				CLANG_ANALYZER_NUMBER_OBJECT_CONVERSION = YES_AGGRESSIVE;
				CLANG_CXX_LANGUAGE_STANDARD = "gnu++14";
				CLANG_CXX_LIBRARY = "libc++";
				CLANG_ENABLE_MODULES = YES;
				CLANG_ENABLE_OBJC_ARC = YES;
				CLANG_ENABLE_OBJC_WEAK = YES;
				CLANG_WARN_BLOCK_CAPTURE_AUTORELEASING = YES;
				CLANG_WARN_BOOL_CONVERSION = YES;
				CLANG_WARN_COMMA = YES;
				CLANG_WARN_CONSTANT_CONVERSION = YES;
				CLANG_WARN_DEPRECATED_OBJC_IMPLEMENTATIONS = YES;
				CLANG_WARN_DIRECT_OBJC_ISA_USAGE = YES_ERROR;
				CLANG_WARN_DOCUMENTATION_COMMENTS = YES;
				CLANG_WARN_EMPTY_BODY = YES;
				CLANG_WARN_ENUM_CONVERSION = YES;
				CLANG_WARN_INFINITE_RECURSION = YES;
				CLANG_WARN_INT_CONVERSION = YES;
				CLANG_WARN_NON_LITERAL_NULL_CONVERSION = YES;
				CLANG_WARN_OBJC_IMPLICIT_RETAIN_SELF = YES;
				CLANG_WARN_OBJC_LITERAL_CONVERSION = YES;
				CLANG_WARN_OBJC_ROOT_CLASS = YES_ERROR;
				CLANG_WARN_RANGE_LOOP_ANALYSIS = YES;
				CLANG_WARN_STRICT_PROTOTYPES = YES;
				CLANG_WARN_SUSPICIOUS_MOVE = YES;
				CLANG_WARN_UNGUARDED_AVAILABILITY = YES_AGGRESSIVE;
				CLANG_WARN_UNREACHABLE_CODE = YES;
				CLANG_WARN__DUPLICATE_METHOD_MATCH = YES;
				CODE_SIGN_IDENTITY = "iPhone Developer";
				COPY_PHASE_STRIP = NO;
				DEBUG_INFORMATION_FORMAT = dwarf;
				ENABLE_STRICT_OBJC_MSGSEND = YES;
				ENABLE_TESTABILITY = YES;
				GCC_C_LANGUAGE_STANDARD = gnu11;
				GCC_DYNAMIC_NO_PIC = NO;
				GCC_NO_COMMON_BLOCKS = YES;
				GCC_OPTIMIZATION_LEVEL = 0;
				GCC_PREPROCESSOR_DEFINITIONS = (
					"DEBUG=1",
					"$(inherited)",
				);
				GCC_WARN_64_TO_32_BIT_CONVERSION = YES;
				GCC_WARN_ABOUT_RETURN_TYPE = YES_ERROR;
				GCC_WARN_UNDECLARED_SELECTOR = YES;
				GCC_WARN_UNINITIALIZED_AUTOS = YES_AGGRESSIVE;
				GCC_WARN_UNUSED_FUNCTION = YES;
				GCC_WARN_UNUSED_VARIABLE = YES;
				IPHONEOS_DEPLOYMENT_TARGET = 12.1;
				MTL_ENABLE_DEBUG_INFO = INCLUDE_SOURCE;
				MTL_FAST_MATH = YES;
				ONLY_ACTIVE_ARCH = YES;
				SDKROOT = iphoneos;
				SWIFT_ACTIVE_COMPILATION_CONDITIONS = DEBUG;
				SWIFT_OPTIMIZATION_LEVEL = "-Onone";
			};
			name = Debug;
		};
		DCA5226321D136CB0061A981 /* Release */ = {
			isa = XCBuildConfiguration;
			buildSettings = {
				ALWAYS_SEARCH_USER_PATHS = NO;
				CLANG_ANALYZER_NONNULL = YES;
				CLANG_ANALYZER_NUMBER_OBJECT_CONVERSION = YES_AGGRESSIVE;
				CLANG_CXX_LANGUAGE_STANDARD = "gnu++14";
				CLANG_CXX_LIBRARY = "libc++";
				CLANG_ENABLE_MODULES = YES;
				CLANG_ENABLE_OBJC_ARC = YES;
				CLANG_ENABLE_OBJC_WEAK = YES;
				CLANG_WARN_BLOCK_CAPTURE_AUTORELEASING = YES;
				CLANG_WARN_BOOL_CONVERSION = YES;
				CLANG_WARN_COMMA = YES;
				CLANG_WARN_CONSTANT_CONVERSION = YES;
				CLANG_WARN_DEPRECATED_OBJC_IMPLEMENTATIONS = YES;
				CLANG_WARN_DIRECT_OBJC_ISA_USAGE = YES_ERROR;
				CLANG_WARN_DOCUMENTATION_COMMENTS = YES;
				CLANG_WARN_EMPTY_BODY = YES;
				CLANG_WARN_ENUM_CONVERSION = YES;
				CLANG_WARN_INFINITE_RECURSION = YES;
				CLANG_WARN_INT_CONVERSION = YES;
				CLANG_WARN_NON_LITERAL_NULL_CONVERSION = YES;
				CLANG_WARN_OBJC_IMPLICIT_RETAIN_SELF = YES;
				CLANG_WARN_OBJC_LITERAL_CONVERSION = YES;
				CLANG_WARN_OBJC_ROOT_CLASS = YES_ERROR;
				CLANG_WARN_RANGE_LOOP_ANALYSIS = YES;
				CLANG_WARN_STRICT_PROTOTYPES = YES;
				CLANG_WARN_SUSPICIOUS_MOVE = YES;
				CLANG_WARN_UNGUARDED_AVAILABILITY = YES_AGGRESSIVE;
				CLANG_WARN_UNREACHABLE_CODE = YES;
				CLANG_WARN__DUPLICATE_METHOD_MATCH = YES;
				CODE_SIGN_IDENTITY = "iPhone Developer";
				COPY_PHASE_STRIP = NO;
				DEBUG_INFORMATION_FORMAT = "dwarf-with-dsym";
				ENABLE_NS_ASSERTIONS = NO;
				ENABLE_STRICT_OBJC_MSGSEND = YES;
				GCC_C_LANGUAGE_STANDARD = gnu11;
				GCC_NO_COMMON_BLOCKS = YES;
				GCC_WARN_64_TO_32_BIT_CONVERSION = YES;
				GCC_WARN_ABOUT_RETURN_TYPE = YES_ERROR;
				GCC_WARN_UNDECLARED_SELECTOR = YES;
				GCC_WARN_UNINITIALIZED_AUTOS = YES_AGGRESSIVE;
				GCC_WARN_UNUSED_FUNCTION = YES;
				GCC_WARN_UNUSED_VARIABLE = YES;
				IPHONEOS_DEPLOYMENT_TARGET = 12.1;
				MTL_ENABLE_DEBUG_INFO = NO;
				MTL_FAST_MATH = YES;
				SDKROOT = iphoneos;
				SWIFT_COMPILATION_MODE = wholemodule;
				SWIFT_OPTIMIZATION_LEVEL = "-O";
				VALIDATE_PRODUCT = YES;
			};
			name = Release;
		};
		DCA5226521D136CB0061A981 /* Debug */ = {
			isa = XCBuildConfiguration;
			buildSettings = {
				ASSETCATALOG_COMPILER_APPICON_NAME = AppIcon;
				CODE_SIGN_STYLE = Automatic;
				INFOPLIST_FILE = UIImagePickerController/Info.plist;
				LD_RUNPATH_SEARCH_PATHS = (
					"$(inherited)",
					"@executable_path/Frameworks",
				);
				PRODUCT_BUNDLE_IDENTIFIER = com.akhila.UIImagePickerController;
				PRODUCT_NAME = "$(TARGET_NAME)";
				SWIFT_VERSION = 4.2;
				TARGETED_DEVICE_FAMILY = "1,2";
			};
			name = Debug;
		};
		DCA5226621D136CB0061A981 /* Release */ = {
			isa = XCBuildConfiguration;
			buildSettings = {
				ASSETCATALOG_COMPILER_APPICON_NAME = AppIcon;
				CODE_SIGN_STYLE = Automatic;
				INFOPLIST_FILE = UIImagePickerController/Info.plist;
				LD_RUNPATH_SEARCH_PATHS = (
					"$(inherited)",
					"@executable_path/Frameworks",
				);
				PRODUCT_BUNDLE_IDENTIFIER = com.akhila.UIImagePickerController;
				PRODUCT_NAME = "$(TARGET_NAME)";
				SWIFT_VERSION = 4.2;
				TARGETED_DEVICE_FAMILY = "1,2";
			};
			name = Release;
		};
		DCA5226821D136CB0061A981 /* Debug */ = {
			isa = XCBuildConfiguration;
			buildSettings = {
				ALWAYS_EMBED_SWIFT_STANDARD_LIBRARIES = YES;
				BUNDLE_LOADER = "$(TEST_HOST)";
				CODE_SIGN_STYLE = Automatic;
				INFOPLIST_FILE = UIImagePickerControllerTests/Info.plist;
				LD_RUNPATH_SEARCH_PATHS = (
					"$(inherited)",
					"@executable_path/Frameworks",
					"@loader_path/Frameworks",
				);
				PRODUCT_BUNDLE_IDENTIFIER = com.akhila.UIImagePickerControllerTests;
				PRODUCT_NAME = "$(TARGET_NAME)";
				SWIFT_VERSION = 4.2;
				TARGETED_DEVICE_FAMILY = "1,2";
				TEST_HOST = "$(BUILT_PRODUCTS_DIR)/UIImagePickerController.app/UIImagePickerController";
			};
			name = Debug;
		};
		DCA5226921D136CB0061A981 /* Release */ = {
			isa = XCBuildConfiguration;
			buildSettings = {
				ALWAYS_EMBED_SWIFT_STANDARD_LIBRARIES = YES;
				BUNDLE_LOADER = "$(TEST_HOST)";
				CODE_SIGN_STYLE = Automatic;
				INFOPLIST_FILE = UIImagePickerControllerTests/Info.plist;
				LD_RUNPATH_SEARCH_PATHS = (
					"$(inherited)",
					"@executable_path/Frameworks",
					"@loader_path/Frameworks",
				);
				PRODUCT_BUNDLE_IDENTIFIER = com.akhila.UIImagePickerControllerTests;
				PRODUCT_NAME = "$(TARGET_NAME)";
				SWIFT_VERSION = 4.2;
				TARGETED_DEVICE_FAMILY = "1,2";
				TEST_HOST = "$(BUILT_PRODUCTS_DIR)/UIImagePickerController.app/UIImagePickerController";
			};
			name = Release;
		};
		DCA5226B21D136CB0061A981 /* Debug */ = {
			isa = XCBuildConfiguration;
			buildSettings = {
				ALWAYS_EMBED_SWIFT_STANDARD_LIBRARIES = YES;
				CODE_SIGN_STYLE = Automatic;
				INFOPLIST_FILE = UIImagePickerControllerUITests/Info.plist;
				LD_RUNPATH_SEARCH_PATHS = (
					"$(inherited)",
					"@executable_path/Frameworks",
					"@loader_path/Frameworks",
				);
				PRODUCT_BUNDLE_IDENTIFIER = com.akhila.UIImagePickerControllerUITests;
				PRODUCT_NAME = "$(TARGET_NAME)";
				SWIFT_VERSION = 4.2;
				TARGETED_DEVICE_FAMILY = "1,2";
				TEST_TARGET_NAME = UIImagePickerController;
			};
			name = Debug;
		};
		DCA5226C21D136CB0061A981 /* Release */ = {
			isa = XCBuildConfiguration;
			buildSettings = {
				ALWAYS_EMBED_SWIFT_STANDARD_LIBRARIES = YES;
				CODE_SIGN_STYLE = Automatic;
				INFOPLIST_FILE = UIImagePickerControllerUITests/Info.plist;
				LD_RUNPATH_SEARCH_PATHS = (
					"$(inherited)",
					"@executable_path/Frameworks",
					"@loader_path/Frameworks",
				);
				PRODUCT_BUNDLE_IDENTIFIER = com.akhila.UIImagePickerControllerUITests;
				PRODUCT_NAME = "$(TARGET_NAME)";
				SWIFT_VERSION = 4.2;
				TARGETED_DEVICE_FAMILY = "1,2";
				TEST_TARGET_NAME = UIImagePickerController;
			};
			name = Release;
		};
/* End XCBuildConfiguration section */

/* Begin XCConfigurationList section */
		DCA5223721D136C90061A981 /* Build configuration list for PBXProject "UIImagePickerController" */ = {
			isa = XCConfigurationList;
			buildConfigurations = (
				DCA5226221D136CB0061A981 /* Debug */,
				DCA5226321D136CB0061A981 /* Release */,
			);
			defaultConfigurationIsVisible = 0;
			defaultConfigurationName = Release;
		};
		DCA5226421D136CB0061A981 /* Build configuration list for PBXNativeTarget "UIImagePickerController" */ = {
			isa = XCConfigurationList;
			buildConfigurations = (
				DCA5226521D136CB0061A981 /* Debug */,
				DCA5226621D136CB0061A981 /* Release */,
			);
			defaultConfigurationIsVisible = 0;
			defaultConfigurationName = Release;
		};
		DCA5226721D136CB0061A981 /* Build configuration list for PBXNativeTarget "UIImagePickerControllerTests" */ = {
			isa = XCConfigurationList;
			buildConfigurations = (
				DCA5226821D136CB0061A981 /* Debug */,
				DCA5226921D136CB0061A981 /* Release */,
			);
			defaultConfigurationIsVisible = 0;
			defaultConfigurationName = Release;
		};
		DCA5226A21D136CB0061A981 /* Build configuration list for PBXNativeTarget "UIImagePickerControllerUITests" */ = {
			isa = XCConfigurationList;
			buildConfigurations = (
				DCA5226B21D136CB0061A981 /* Debug */,
				DCA5226C21D136CB0061A981 /* Release */,
			);
			defaultConfigurationIsVisible = 0;
			defaultConfigurationName = Release;
		};
/* End XCConfigurationList section */
	};
	rootObject = DCA5223421D136C90061A981 /* Project object */;
}
